{
    "name": "leave-management-2",
    "version": "1.0.0",
    "lockfileVersion": 1,
    "requires": true,
    "dependencies": {
        "sweetalert2": {
            "version": "8.18.3",
            "resolved": "https://registry.npmjs.org/sweetalert2/-/sweetalert2-8.18.3.tgz",
            "integrity": "sha512-ptDszEk0q8pUorWAXiVj1aafbG6IAO8kAZepeyfphSwb4vaM5JSXnqek/s8ZyIkPcH9M/l3QaoR2X9V0KD0VHA=="
        }
    }
}
